// !$*UTF8*$!
{
	archiveVersion = 1;
	classes = {
	};
	objectVersion = 55;
	objects = {

/* Begin PBXBuildFile section */
		55AFA6D128BF5BC000125DA1 /* HW17_AndreyOalaApp.swift in Sources */ = {isa = PBXBuildFile; fileRef = 55AFA6D028BF5BC000125DA1 /* HW17_AndreyOalaApp.swift */; };
		55AFA6D528BF5BC000125DA1 /* Assets.xcassets in Resources */ = {isa = PBXBuildFile; fileRef = 55AFA6D428BF5BC000125DA1 /* Assets.xcassets */; };
		55AFA6D828BF5BC000125DA1 /* Preview Assets.xcassets in Resources */ = {isa = PBXBuildFile; fileRef = 55AFA6D728BF5BC000125DA1 /* Preview Assets.xcassets */; };
		55AFA6E728BF5EE400125DA1 /* TabBarView.swift in Sources */ = {isa = PBXBuildFile; fileRef = 55AFA6E628BF5EE400125DA1 /* TabBarView.swift */; };
		55AFA6E928BF5F0000125DA1 /* PlayerView.swift in Sources */ = {isa = PBXBuildFile; fileRef = 55AFA6E828BF5F0000125DA1 /* PlayerView.swift */; };
		55AFA6EB28BF5F1D00125DA1 /* LibraryView.swift in Sources */ = {isa = PBXBuildFile; fileRef = 55AFA6EA28BF5F1D00125DA1 /* LibraryView.swift */; };
		55AFA6EE28BF5F4500125DA1 /* ListModel.swift in Sources */ = {isa = PBXBuildFile; fileRef = 55AFA6ED28BF5F4500125DA1 /* ListModel.swift */; };
		55AFA6F028BF5F5B00125DA1 /* ListView.swift in Sources */ = {isa = PBXBuildFile; fileRef = 55AFA6EF28BF5F5B00125DA1 /* ListView.swift */; };
		55AFA6F228BF5F6700125DA1 /* MediaRowView.swift in Sources */ = {isa = PBXBuildFile; fileRef = 55AFA6F128BF5F6700125DA1 /* MediaRowView.swift */; };
/* End PBXBuildFile section */

/* Begin PBXFileReference section */
		55AFA6CD28BF5BC000125DA1 /* HW17-AndreyOala.app */ = {isa = PBXFileReference; explicitFileType = wrapper.application; includeInIndex = 0; path = "HW17-AndreyOala.app"; sourceTree = BUILT_PRODUCTS_DIR; };
		55AFA6D028BF5BC000125DA1 /* HW17_AndreyOalaApp.swift */ = {isa = PBXFileReference; lastKnownFileType = sourcecode.swift; path = HW17_AndreyOalaApp.swift; sourceTree = "<group>"; };
		55AFA6D428BF5BC000125DA1 /* Assets.xcassets */ = {isa = PBXFileReference; lastKnownFileType = folder.assetcatalog; path = Assets.xcassets; sourceTree = "<group>"; };
		55AFA6D728BF5BC000125DA1 /* Preview Assets.xcassets */ = {isa = PBXFileReference; lastKnownFileType = folder.assetcatalog; path = "Preview Assets.xcassets"; sourceTree = "<group>"; };
		55AFA6E628BF5EE400125DA1 /* TabBarView.swift */ = {isa = PBXFileReference; lastKnownFileType = sourcecode.swift; path = TabBarView.swift; sourceTree = "<group>"; };
		55AFA6E828BF5F0000125DA1 /* PlayerView.swift */ = {isa = PBXFileReference; lastKnownFileType = sourcecode.swift; path = PlayerView.swift; sourceTree = "<group>"; };
		55AFA6EA28BF5F1D00125DA1 /* LibraryView.swift */ = {isa = PBXFileReference; lastKnownFileType = sourcecode.swift; path = LibraryView.swift; sourceTree = "<group>"; };
		55AFA6ED28BF5F4500125DA1 /* ListModel.swift */ = {isa = PBXFileReference; lastKnownFileType = sourcecode.swift; path = ListModel.swift; sourceTree = "<group>"; };
		55AFA6EF28BF5F5B00125DA1 /* ListView.swift */ = {isa = PBXFileReference; lastKnownFileType = sourcecode.swift; path = ListView.swift; sourceTree = "<group>"; };
		55AFA6F128BF5F6700125DA1 /* MediaRowView.swift */ = {isa = PBXFileReference; lastKnownFileType = sourcecode.swift; path = MediaRowView.swift; sourceTree = "<group>"; };
/* End PBXFileReference section */

/* Begin PBXFrameworksBuildPhase section */
		55AFA6CA28BF5BC000125DA1 /* Frameworks */ = {
			isa = PBXFrameworksBuildPhase;
			buildActionMask = 2147483647;
			files = (
			);
			runOnlyForDeploymentPostprocessing = 0;
		};
/* End PBXFrameworksBuildPhase section */

/* Begin PBXGroup section */
		55AFA6C428BF5BC000125DA1 = {
			isa = PBXGroup;
			children = (
				55AFA6CF28BF5BC000125DA1 /* HW17-AndreyOala */,
				55AFA6CE28BF5BC000125DA1 /* Products */,
			);
			sourceTree = "<group>";
		};
		55AFA6CE28BF5BC000125DA1 /* Products */ = {
			isa = PBXGroup;
			children = (
				55AFA6CD28BF5BC000125DA1 /* HW17-AndreyOala.app */,
			);
			name = Products;
			sourceTree = "<group>";
		};
		55AFA6CF28BF5BC000125DA1 /* HW17-AndreyOala */ = {
			isa = PBXGroup;
			children = (
				55AFA6DF28BF5DF600125DA1 /* Sources */,
				55AFA6DE28BF5DEF00125DA1 /* Resources */,
				55AFA6D628BF5BC000125DA1 /* Preview Content */,
			);
			path = "HW17-AndreyOala";
			sourceTree = "<group>";
		};
		55AFA6D628BF5BC000125DA1 /* Preview Content */ = {
			isa = PBXGroup;
			children = (
				55AFA6D728BF5BC000125DA1 /* Preview Assets.xcassets */,
			);
			path = "Preview Content";
			sourceTree = "<group>";
		};
		55AFA6DE28BF5DEF00125DA1 /* Resources */ = {
			isa = PBXGroup;
			children = (
				55AFA6E528BF5E6400125DA1 /* Supporting Files */,
				55AFA6E428BF5E3C00125DA1 /* Configuration */,
			);
			path = Resources;
			sourceTree = "<group>";
		};
		55AFA6DF28BF5DF600125DA1 /* Sources */ = {
			isa = PBXGroup;
			children = (
				55AFA6E328BF5E2D00125DA1 /* ListModule */,
				55AFA6E228BF5E1800125DA1 /* LibraryModule */,
				55AFA6E128BF5E1100125DA1 /* TabBarModule */,
				55AFA6E028BF5E0B00125DA1 /* Application */,
			);
			path = Sources;
			sourceTree = "<group>";
		};
		55AFA6E028BF5E0B00125DA1 /* Application */ = {
			isa = PBXGroup;
			children = (
				55AFA6D028BF5BC000125DA1 /* HW17_AndreyOalaApp.swift */,
			);
			path = Application;
			sourceTree = "<group>";
		};
		55AFA6E128BF5E1100125DA1 /* TabBarModule */ = {
			isa = PBXGroup;
			children = (
				55AFA6E628BF5EE400125DA1 /* TabBarView.swift */,
				55AFA6E828BF5F0000125DA1 /* PlayerView.swift */,
			);
			path = TabBarModule;
			sourceTree = "<group>";
		};
		55AFA6E228BF5E1800125DA1 /* LibraryModule */ = {
			isa = PBXGroup;
			children = (
				55AFA6EA28BF5F1D00125DA1 /* LibraryView.swift */,
			);
			path = LibraryModule;
			sourceTree = "<group>";
		};
		55AFA6E328BF5E2D00125DA1 /* ListModule */ = {
			isa = PBXGroup;
			children = (
				55AFA6EC28BF5F3600125DA1 /* Model */,
				55AFA6EF28BF5F5B00125DA1 /* ListView.swift */,
				55AFA6F128BF5F6700125DA1 /* MediaRowView.swift */,
			);
			path = ListModule;
			sourceTree = "<group>";
		};
		55AFA6E428BF5E3C00125DA1 /* Configuration */ = {
			isa = PBXGroup;
			children = (
			);
			path = Configuration;
			sourceTree = "<group>";
		};
		55AFA6E528BF5E6400125DA1 /* Supporting Files */ = {
			isa = PBXGroup;
			children = (
				55AFA6D428BF5BC000125DA1 /* Assets.xcassets */,
			);
			path = "Supporting Files";
			sourceTree = "<group>";
		};
		55AFA6EC28BF5F3600125DA1 /* Model */ = {
			isa = PBXGroup;
			children = (
				55AFA6ED28BF5F4500125DA1 /* ListModel.swift */,
			);
			path = Model;
			sourceTree = "<group>";
		};
/* End PBXGroup section */

/* Begin PBXNativeTarget section */
		55AFA6CC28BF5BC000125DA1 /* HW17-AndreyOala */ = {
			isa = PBXNativeTarget;
			buildConfigurationList = 55AFA6DB28BF5BC000125DA1 /* Build configuration list for PBXNativeTarget "HW17-AndreyOala" */;
			buildPhases = (
				55AFA6C928BF5BC000125DA1 /* Sources */,
				55AFA6CA28BF5BC000125DA1 /* Frameworks */,
				55AFA6CB28BF5BC000125DA1 /* Resources */,
			);
			buildRules = (
			);
			dependencies = (
			);
			name = "HW17-AndreyOala";
			productName = "HW17-AndreyOala";
			productReference = 55AFA6CD28BF5BC000125DA1 /* HW17-AndreyOala.app */;
			productType = "com.apple.product-type.application";
		};
/* End PBXNativeTarget section */

/* Begin PBXProject section */
		55AFA6C528BF5BC000125DA1 /* Project object */ = {
			isa = PBXProject;
			attributes = {
				BuildIndependentTargetsInParallel = 1;
				LastSwiftUpdateCheck = 1340;
				LastUpgradeCheck = 1340;
				TargetAttributes = {
					55AFA6CC28BF5BC000125DA1 = {
						CreatedOnToolsVersion = 13.4.1;
					};
				};
			};
			buildConfigurationList = 55AFA6C828BF5BC000125DA1 /* Build configuration list for PBXProject "HW17-AndreyOala" */;
			compatibilityVersion = "Xcode 13.0";
			developmentRegion = en;
			hasScannedForEncodings = 0;
			knownRegions = (
				en,
				Base,
			);
			mainGroup = 55AFA6C428BF5BC000125DA1;
			productRefGroup = 55AFA6CE28BF5BC000125DA1 /* Products */;
			projectDirPath = "";
			projectRoot = "";
			targets = (
				55AFA6CC28BF5BC000125DA1 /* HW17-AndreyOala */,
			);
		};
/* End PBXProject section */

/* Begin PBXResourcesBuildPhase section */
		55AFA6CB28BF5BC000125DA1 /* Resources */ = {
			isa = PBXResourcesBuildPhase;
			buildActionMask = 2147483647;
			files = (
				55AFA6D828BF5BC000125DA1 /* Preview Assets.xcassets in Resources */,
				55AFA6D528BF5BC000125DA1 /* Assets.xcassets in Resources */,
			);
			runOnlyForDeploymentPostprocessing = 0;
		};
/* End PBXResourcesBuildPhase section */

/* Begin PBXSourcesBuildPhase section */
		55AFA6C928BF5BC000125DA1 /* Sources */ = {
			isa = PBXSourcesBuildPhase;
			buildActionMask = 2147483647;
			files = (
				55AFA6F228BF5F6700125DA1 /* MediaRowView.swift in Sources */,
				55AFA6E728BF5EE400125DA1 /* TabBarView.swift in Sources */,
				55AFA6D128BF5BC000125DA1 /* HW17_AndreyOalaApp.swift in Sources */,
				55AFA6F028BF5F5B00125DA1 /* ListView.swift in Sources */,
				55AFA6EE28BF5F4500125DA1 /* ListModel.swift in Sources */,
				55AFA6EB28BF5F1D00125DA1 /* LibraryView.swift in Sources */,
				55AFA6E928BF5F0000125DA1 /* PlayerView.swift in Sources */,
			);
			runOnlyForDeploymentPostprocessing = 0;
		};
/* End PBXSourcesBuildPhase section */

/* Begin XCBuildConfiguration section */
		55AFA6D928BF5BC000125DA1 /* Debug */ = {
			isa = XCBuildConfiguration;
			buildSettings = {
				ALWAYS_SEARCH_USER_PATHS = NO;
				CLANG_ANALYZER_NONNULL = YES;
				CLANG_ANALYZER_NUMBER_OBJECT_CONVERSION = YES_AGGRESSIVE;
				CLANG_CXX_LANGUAGE_STANDARD = "gnu++17";
				CLANG_ENABLE_MODULES = YES;
				CLANG_ENABLE_OBJC_ARC = YES;
				CLANG_ENABLE_OBJC_WEAK = YES;
				CLANG_WARN_BLOCK_CAPTURE_AUTORELEASING = YES;
				CLANG_WARN_BOOL_CONVERSION = YES;
				CLANG_WARN_COMMA = YES;
				CLANG_WARN_CONSTANT_CONVERSION = YES;
				CLANG_WARN_DEPRECATED_OBJC_IMPLEMENTATIONS = YES;
				CLANG_WARN_DIRECT_OBJC_ISA_USAGE = YES_ERROR;
				CLANG_WARN_DOCUMENTATION_COMMENTS = YES;
				CLANG_WARN_EMPTY_BODY = YES;
				CLANG_WARN_ENUM_CONVERSION = YES;
				CLANG_WARN_INFINITE_RECURSION = YES;
				CLANG_WARN_INT_CONVERSION = YES;
				CLANG_WARN_NON_LITERAL_NULL_CONVERSION = YES;
				CLANG_WARN_OBJC_IMPLICIT_RETAIN_SELF = YES;
				CLANG_WARN_OBJC_LITERAL_CONVERSION = YES;
				CLANG_WARN_OBJC_ROOT_CLASS = YES_ERROR;
				CLANG_WARN_QUOTED_INCLUDE_IN_FRAMEWORK_HEADER = YES;
				CLANG_WARN_RANGE_LOOP_ANALYSIS = YES;
				CLANG_WARN_STRICT_PROTOTYPES = YES;
				CLANG_WARN_SUSPICIOUS_MOVE = YES;
				CLANG_WARN_UNGUARDED_AVAILABILITY = YES_AGGRESSIVE;
				CLANG_WARN_UNREACHABLE_CODE = YES;
				CLANG_WARN__DUPLICATE_METHOD_MATCH = YES;
				COPY_PHASE_STRIP = NO;
				DEBUG_INFORMATION_FORMAT = dwarf;
				ENABLE_STRICT_OBJC_MSGSEND = YES;
				ENABLE_TESTABILITY = YES;
				GCC_C_LANGUAGE_STANDARD = gnu11;
				GCC_DYNAMIC_NO_PIC = NO;
				GCC_NO_COMMON_BLOCKS = YES;
				GCC_OPTIMIZATION_LEVEL = 0;
				GCC_PREPROCESSOR_DEFINITIONS = (
					"DEBUG=1",
					"$(inherited)",
				);
				GCC_WARN_64_TO_32_BIT_CONVERSION = YES;
				GCC_WARN_ABOUT_RETURN_TYPE = YES_ERROR;
				GCC_WARN_UNDECLARED_SELECTOR = YES;
				GCC_WARN_UNINITIALIZED_AUTOS = YES_AGGRESSIVE;
				GCC_WARN_UNUSED_FUNCTION = YES;
				GCC_WARN_UNUSED_VARIABLE = YES;
				IPHONEOS_DEPLOYMENT_TARGET = 15.5;
				MTL_ENABLE_DEBUG_INFO = INCLUDE_SOURCE;
				MTL_FAST_MATH = YES;
				ONLY_ACTIVE_ARCH = YES;
				SDKROOT = iphoneos;
				SWIFT_ACTIVE_COMPILATION_CONDITIONS = DEBUG;
				SWIFT_OPTIMIZATION_LEVEL = "-Onone";
			};
			name = Debug;
		};
		55AFA6DA28BF5BC000125DA1 /* Release */ = {
			isa = XCBuildConfiguration;
			buildSettings = {
				ALWAYS_SEARCH_USER_PATHS = NO;
				CLANG_ANALYZER_NONNULL = YES;
				CLANG_ANALYZER_NUMBER_OBJECT_CONVERSION = YES_AGGRESSIVE;
				CLANG_CXX_LANGUAGE_STANDARD = "gnu++17";
				CLANG_ENABLE_MODULES = YES;
				CLANG_ENABLE_OBJC_ARC = YES;
				CLANG_ENABLE_OBJC_WEAK = YES;
				CLANG_WARN_BLOCK_CAPTURE_AUTORELEASING = YES;
				CLANG_WARN_BOOL_CONVERSION = YES;
				CLANG_WARN_COMMA = YES;
				CLANG_WARN_CONSTANT_CONVERSION = YES;
				CLANG_WARN_DEPRECATED_OBJC_IMPLEMENTATIONS = YES;
				CLANG_WARN_DIRECT_OBJC_ISA_USAGE = YES_ERROR;
				CLANG_WARN_DOCUMENTATION_COMMENTS = YES;
				CLANG_WARN_EMPTY_BODY = YES;
				CLANG_WARN_ENUM_CONVERSION = YES;
				CLANG_WARN_INFINITE_RECURSION = YES;
				CLANG_WARN_INT_CONVERSION = YES;
				CLANG_WARN_NON_LITERAL_NULL_CONVERSION = YES;
				CLANG_WARN_OBJC_IMPLICIT_RETAIN_SELF = YES;
				CLANG_WARN_OBJC_LITERAL_CONVERSION = YES;
				CLANG_WARN_OBJC_ROOT_CLASS = YES_ERROR;
				CLANG_WARN_QUOTED_INCLUDE_IN_FRAMEWORK_HEADER = YES;
				CLANG_WARN_RANGE_LOOP_ANALYSIS = YES;
				CLANG_WARN_STRICT_PROTOTYPES = YES;
				CLANG_WARN_SUSPICIOUS_MOVE = YES;
				CLANG_WARN_UNGUARDED_AVAILABILITY = YES_AGGRESSIVE;
				CLANG_WARN_UNREACHABLE_CODE = YES;
				CLANG_WARN__DUPLICATE_METHOD_MATCH = YES;
				COPY_PHASE_STRIP = NO;
				DEBUG_INFORMATION_FORMAT = "dwarf-with-dsym";
				ENABLE_NS_ASSERTIONS = NO;
				ENABLE_STRICT_OBJC_MSGSEND = YES;
				GCC_C_LANGUAGE_STANDARD = gnu11;
				GCC_NO_COMMON_BLOCKS = YES;
				GCC_WARN_64_TO_32_BIT_CONVERSION = YES;
				GCC_WARN_ABOUT_RETURN_TYPE = YES_ERROR;
				GCC_WARN_UNDECLARED_SELECTOR = YES;
				GCC_WARN_UNINITIALIZED_AUTOS = YES_AGGRESSIVE;
				GCC_WARN_UNUSED_FUNCTION = YES;
				GCC_WARN_UNUSED_VARIABLE = YES;
				IPHONEOS_DEPLOYMENT_TARGET = 15.5;
				MTL_ENABLE_DEBUG_INFO = NO;
				MTL_FAST_MATH = YES;
				SDKROOT = iphoneos;
				SWIFT_COMPILATION_MODE = wholemodule;
				SWIFT_OPTIMIZATION_LEVEL = "-O";
				VALIDATE_PRODUCT = YES;
			};
			name = Release;
		};
		55AFA6DC28BF5BC000125DA1 /* Debug */ = {
			isa = XCBuildConfiguration;
			buildSettings = {
				ASSETCATALOG_COMPILER_APPICON_NAME = AppIcon;
				ASSETCATALOG_COMPILER_GLOBAL_ACCENT_COLOR_NAME = AccentColor;
				CODE_SIGN_STYLE = Automatic;
				CURRENT_PROJECT_VERSION = 1;
				DEVELOPMENT_ASSET_PATHS = "\"HW17-AndreyOala/Preview Content\"";
				DEVELOPMENT_TEAM = G56UY8T9JR;
				ENABLE_PREVIEWS = YES;
				GENERATE_INFOPLIST_FILE = YES;
				INFOPLIST_KEY_UIApplicationSceneManifest_Generation = YES;
				INFOPLIST_KEY_UIApplicationSupportsIndirectInputEvents = YES;
				INFOPLIST_KEY_UILaunchScreen_Generation = YES;
				INFOPLIST_KEY_UISupportedInterfaceOrientations_iPad = "UIInterfaceOrientationPortrait UIInterfaceOrientationPortraitUpsideDown UIInterfaceOrientationLandscapeLeft UIInterfaceOrientationLandscapeRight";
				INFOPLIST_KEY_UISupportedInterfaceOrientations_iPhone = "UIInterfaceOrientationPortrait UIInterfaceOrientationLandscapeLeft UIInterfaceOrientationLandscapeRight";
				LD_RUNPATH_SEARCH_PATHS = (
					"$(inherited)",
					"@executable_path/Frameworks",
				);
				MARKETING_VERSION = 1.0;
				PRODUCT_BUNDLE_IDENTIFIER = "mobdev.HW17-AndreyOala";
				PRODUCT_NAME = "$(TARGET_NAME)";
				SWIFT_EMIT_LOC_STRINGS = YES;
				SWIFT_VERSION = 5.0;
				TARGETED_DEVICE_FAMILY = "1,2";
			};
			name = Debug;
		};
		55AFA6DD28BF5BC000125DA1 /* Release */ = {
			isa = XCBuildConfiguration;
			buildSettings = {
				ASSETCATALOG_COMPILER_APPICON_NAME = AppIcon;
				ASSETCATALOG_COMPILER_GLOBAL_ACCENT_COLOR_NAME = AccentColor;
				CODE_SIGN_STYLE = Automatic;
				CURRENT_PROJECT_VERSION = 1;
				DEVELOPMENT_ASSET_PATHS = "\"HW17-AndreyOala/Preview Content\"";
				DEVELOPMENT_TEAM = G56UY8T9JR;
				ENABLE_PREVIEWS = YES;
				GENERATE_INFOPLIST_FILE = YES;
				INFOPLIST_KEY_UIApplicationSceneManifest_Generation = YES;
				INFOPLIST_KEY_UIApplicationSupportsIndirectInputEvents = YES;
				INFOPLIST_KEY_UILaunchScreen_Generation = YES;
				INFOPLIST_KEY_UISupportedInterfaceOrientations_iPad = "UIInterfaceOrientationPortrait UIInterfaceOrientationPortraitUpsideDown UIInterfaceOrientationLandscapeLeft UIInterfaceOrientationLandscapeRight";
				INFOPLIST_KEY_UISupportedInterfaceOrientations_iPhone = "UIInterfaceOrientationPortrait UIInterfaceOrientationLandscapeLeft UIInterfaceOrientationLandscapeRight";
				LD_RUNPATH_SEARCH_PATHS = (
					"$(inherited)",
					"@executable_path/Frameworks",
				);
				MARKETING_VERSION = 1.0;
				PRODUCT_BUNDLE_IDENTIFIER = "mobdev.HW17-AndreyOala";
				PRODUCT_NAME = "$(TARGET_NAME)";
				SWIFT_EMIT_LOC_STRINGS = YES;
				SWIFT_VERSION = 5.0;
				TARGETED_DEVICE_FAMILY = "1,2";
			};
			name = Release;
		};
/* End XCBuildConfiguration section */

/* Begin XCConfigurationList section */
		55AFA6C828BF5BC000125DA1 /* Build configuration list for PBXProject "HW17-AndreyOala" */ = {
			isa = XCConfigurationList;
			buildConfigurations = (
				55AFA6D928BF5BC000125DA1 /* Debug */,
				55AFA6DA28BF5BC000125DA1 /* Release */,
			);
			defaultConfigurationIsVisible = 0;
			defaultConfigurationName = Release;
		};
		55AFA6DB28BF5BC000125DA1 /* Build configuration list for PBXNativeTarget "HW17-AndreyOala" */ = {
			isa = XCConfigurationList;
			buildConfigurations = (
				55AFA6DC28BF5BC000125DA1 /* Debug */,
				55AFA6DD28BF5BC000125DA1 /* Release */,
			);
			defaultConfigurationIsVisible = 0;
			defaultConfigurationName = Release;
		};
/* End XCConfigurationList section */
	};
	rootObject = 55AFA6C528BF5BC000125DA1 /* Project object */;
}
